
Microsoft Visual Studio Solution File, Format Version 10.00
# Visual Studio 2008
Project("{FAE04EC0-301F-11D3-BF4B-00C04F79EFBC}") = "DigitalClasses", "DigitalClasses\DigitalClasses.csproj", "{D868A131-F24B-4FB5-A64B-68915C9D6B05}"
	ProjectSection(ProjectDependencies) = postProject
		{A928AC84-38CA-488B-BF58-2CF29B0CB2CA} = {A928AC84-38CA-488B-BF58-2CF29B0CB2CA}
	EndProjectSection
EndProject
Project("{FAE04EC0-301F-11D3-BF4B-00C04F79EFBC}") = "SymbolEditor", "SymbolEditor\SymbolEditor.csproj", "{98A1A58B-8AA1-4EE8-A074-763B193EFB11}"
EndProject
Project("{FAE04EC0-301F-11D3-BF4B-00C04F79EFBC}") = "SymbolViewer", "SymbolViewer\SymbolViewer.csproj", "{E27ABC71-2AAD-46BC-8459-0ECE9F393429}"
EndProject
Project("{FAE04EC0-301F-11D3-BF4B-00C04F79EFBC}") = "CircuitEditor", "CircuitEditor\CircuitEditor.csproj", "{7ED4C72C-8577-4EA2-BB9E-6E3881B9C039}"
EndProject
Project("{2150E333-8FDC-42A3-9474-1A3956D46DE8}") = "Solution Items", "Solution Items", "{2F940913-913D-481F-9C1F-05B31E8EB0E6}"
	ProjectSection(SolutionItems) = preProject
		DigitalSimulator.vsmdi = DigitalSimulator.vsmdi
		LocalTestRun.testrunconfig = LocalTestRun.testrunconfig
		Plan.txt = Plan.txt
	EndProjectSection
EndProject
Project("{FAE04EC0-301F-11D3-BF4B-00C04F79EFBC}") = "DigitalSimulator", "DigitalSimulator\DigitalSimulator.csproj", "{BDFBD651-76EB-4CCE-99E1-32297E73EF5D}"
EndProject
Project("{FAE04EC0-301F-11D3-BF4B-00C04F79EFBC}") = "SignalEditor", "SignalEditor\SignalEditor.csproj", "{353261AF-0DED-4FB3-BAA3-56CE3760BAB9}"
EndProject
Project("{FAE04EC0-301F-11D3-BF4B-00C04F79EFBC}") = "TestProjekt", "TestProjekt\TestProjekt.csproj", "{C2D91BAA-BEF0-4DB1-B132-1510F1D9EF29}"
EndProject
Project("{FAE04EC0-301F-11D3-BF4B-00C04F79EFBC}") = "ToolBox", "..\ToolBox\ToolBox\ToolBox.csproj", "{A928AC84-38CA-488B-BF58-2CF29B0CB2CA}"
EndProject
Global
	GlobalSection(SubversionScc) = preSolution
		Svn-Managed = True
		Manager = AnkhSVN - Subversion Support for Visual Studio
	EndGlobalSection
	GlobalSection(SolutionConfigurationPlatforms) = preSolution
		Debug|Any CPU = Debug|Any CPU
		Release|Any CPU = Release|Any CPU
	EndGlobalSection
	GlobalSection(ProjectConfigurationPlatforms) = postSolution
		{D868A131-F24B-4FB5-A64B-68915C9D6B05}.Debug|Any CPU.ActiveCfg = Debug|Any CPU
		{D868A131-F24B-4FB5-A64B-68915C9D6B05}.Debug|Any CPU.Build.0 = Debug|Any CPU
		{D868A131-F24B-4FB5-A64B-68915C9D6B05}.Release|Any CPU.ActiveCfg = Release|Any CPU
		{D868A131-F24B-4FB5-A64B-68915C9D6B05}.Release|Any CPU.Build.0 = Release|Any CPU
		{98A1A58B-8AA1-4EE8-A074-763B193EFB11}.Debug|Any CPU.ActiveCfg = Debug|Any CPU
		{98A1A58B-8AA1-4EE8-A074-763B193EFB11}.Debug|Any CPU.Build.0 = Debug|Any CPU
		{98A1A58B-8AA1-4EE8-A074-763B193EFB11}.Release|Any CPU.ActiveCfg = Release|Any CPU
		{98A1A58B-8AA1-4EE8-A074-763B193EFB11}.Release|Any CPU.Build.0 = Release|Any CPU
		{E27ABC71-2AAD-46BC-8459-0ECE9F393429}.Debug|Any CPU.ActiveCfg = Debug|Any CPU
		{E27ABC71-2AAD-46BC-8459-0ECE9F393429}.Debug|Any CPU.Build.0 = Debug|Any CPU
		{E27ABC71-2AAD-46BC-8459-0ECE9F393429}.Release|Any CPU.ActiveCfg = Release|Any CPU
		{E27ABC71-2AAD-46BC-8459-0ECE9F393429}.Release|Any CPU.Build.0 = Release|Any CPU
		{7ED4C72C-8577-4EA2-BB9E-6E3881B9C039}.Debug|Any CPU.ActiveCfg = Debug|Any CPU
		{7ED4C72C-8577-4EA2-BB9E-6E3881B9C039}.Debug|Any CPU.Build.0 = Debug|Any CPU
		{7ED4C72C-8577-4EA2-BB9E-6E3881B9C039}.Release|Any CPU.ActiveCfg = Release|Any CPU
		{7ED4C72C-8577-4EA2-BB9E-6E3881B9C039}.Release|Any CPU.Build.0 = Release|Any CPU
		{BDFBD651-76EB-4CCE-99E1-32297E73EF5D}.Debug|Any CPU.ActiveCfg = Debug|Any CPU
		{BDFBD651-76EB-4CCE-99E1-32297E73EF5D}.Debug|Any CPU.Build.0 = Debug|Any CPU
		{BDFBD651-76EB-4CCE-99E1-32297E73EF5D}.Release|Any CPU.ActiveCfg = Release|Any CPU
		{BDFBD651-76EB-4CCE-99E1-32297E73EF5D}.Release|Any CPU.Build.0 = Release|Any CPU
		{353261AF-0DED-4FB3-BAA3-56CE3760BAB9}.Debug|Any CPU.ActiveCfg = Debug|Any CPU
		{353261AF-0DED-4FB3-BAA3-56CE3760BAB9}.Debug|Any CPU.Build.0 = Debug|Any CPU
		{353261AF-0DED-4FB3-BAA3-56CE3760BAB9}.Release|Any CPU.ActiveCfg = Release|Any CPU
		{353261AF-0DED-4FB3-BAA3-56CE3760BAB9}.Release|Any CPU.Build.0 = Release|Any CPU
		{C2D91BAA-BEF0-4DB1-B132-1510F1D9EF29}.Debug|Any CPU.ActiveCfg = Debug|Any CPU
		{C2D91BAA-BEF0-4DB1-B132-1510F1D9EF29}.Debug|Any CPU.Build.0 = Debug|Any CPU
		{C2D91BAA-BEF0-4DB1-B132-1510F1D9EF29}.Release|Any CPU.ActiveCfg = Release|Any CPU
		{C2D91BAA-BEF0-4DB1-B132-1510F1D9EF29}.Release|Any CPU.Build.0 = Release|Any CPU
		{A928AC84-38CA-488B-BF58-2CF29B0CB2CA}.Debug|Any CPU.ActiveCfg = Debug|Any CPU
		{A928AC84-38CA-488B-BF58-2CF29B0CB2CA}.Debug|Any CPU.Build.0 = Debug|Any CPU
		{A928AC84-38CA-488B-BF58-2CF29B0CB2CA}.Release|Any CPU.ActiveCfg = Release|Any CPU
		{A928AC84-38CA-488B-BF58-2CF29B0CB2CA}.Release|Any CPU.Build.0 = Release|Any CPU
	EndGlobalSection
	GlobalSection(SolutionProperties) = preSolution
		HideSolutionNode = FALSE
	EndGlobalSection
EndGlobal
